
Microsoft Visual Studio Solution File, Format Version 12.00
# Visual Studio Version 17
VisualStudioVersion = 17.4.33110.190
MinimumVisualStudioVersion = 10.0.40219.1
Project("{FAE04EC0-301F-11D3-BF4B-00C04F79EFBC}") = "Shoppers", "Shoppers.csproj", "{39870E28-EDF5-4BC5-9587-930E4E9EA56B}"
EndProject
Global
	GlobalSection(SolutionConfigurationPlatforms) = preSolution
		Debug|Any CPU = Debug|Any CPU
		Release|Any CPU = Release|Any CPU
	EndGlobalSection
	GlobalSection(ProjectConfigurationPlatforms) = postSolution
		{39870E28-EDF5-4BC5-9587-930E4E9EA56B}.Debug|Any CPU.ActiveCfg = Debug|Any CPU
		{39870E28-EDF5-4BC5-9587-930E4E9EA56B}.Debug|Any CPU.Build.0 = Debug|Any CPU
		{39870E28-EDF5-4BC5-9587-930E4E9EA56B}.Release|Any CPU.ActiveCfg = Release|Any CPU
		{39870E28-EDF5-4BC5-9587-930E4E9EA56B}.Release|Any CPU.Build.0 = Release|Any CPU
	EndGlobalSection
	GlobalSection(SolutionProperties) = preSolution
		HideSolutionNode = FALSE
	EndGlobalSection
	GlobalSection(ExtensibilityGlobals) = postSolution
		SolutionGuid = {9C6638CB-8F94-4B47-84DB-97DDB96F2B83}
	EndGlobalSection
EndGlobal
